// !$*UTF8*$!
{
	archiveVersion = 1;
	classes = {
	};
	objectVersion = 50;
	objects = {

/* Begin PBXBuildFile section */
		0CD93BB025852F1800FEAAE6 /* Wiki_iOSApp.swift in Sources */ = {isa = PBXBuildFile; fileRef = 0CD93BAF25852F1800FEAAE6 /* Wiki_iOSApp.swift */; };
		0CD93BB225852F1800FEAAE6 /* ContentView.swift in Sources */ = {isa = PBXBuildFile; fileRef = 0CD93BB125852F1800FEAAE6 /* ContentView.swift */; };
		0CD93BB425852F1C00FEAAE6 /* Assets.xcassets in Resources */ = {isa = PBXBuildFile; fileRef = 0CD93BB325852F1C00FEAAE6 /* Assets.xcassets */; };
		0CD93BB725852F1C00FEAAE6 /* Preview Assets.xcassets in Resources */ = {isa = PBXBuildFile; fileRef = 0CD93BB625852F1C00FEAAE6 /* Preview Assets.xcassets */; };
		0CD93BC225852F1C00FEAAE6 /* Wiki_iOSTests.swift in Sources */ = {isa = PBXBuildFile; fileRef = 0CD93BC125852F1C00FEAAE6 /* Wiki_iOSTests.swift */; };
		0CD93BCD25852F1C00FEAAE6 /* Wiki_iOSUITests.swift in Sources */ = {isa = PBXBuildFile; fileRef = 0CD93BCC25852F1C00FEAAE6 /* Wiki_iOSUITests.swift */; };
		0CD93BDF25852F3B00FEAAE6 /* main.swift in Sources */ = {isa = PBXBuildFile; fileRef = 0CD93BDD25852F3B00FEAAE6 /* main.swift */; };
		0CD93BE025852F3B00FEAAE6 /* ContentView.swift in Sources */ = {isa = PBXBuildFile; fileRef = 0CD93BDE25852F3B00FEAAE6 /* ContentView.swift */; };
/* End PBXBuildFile section */

/* Begin PBXContainerItemProxy section */
		0CD93BBE25852F1C00FEAAE6 /* PBXContainerItemProxy */ = {
			isa = PBXContainerItemProxy;
			containerPortal = 0CD93BA425852F1800FEAAE6 /* Project object */;
			proxyType = 1;
			remoteGlobalIDString = 0CD93BAB25852F1800FEAAE6;
			remoteInfo = "Wiki iOS";
		};
		0CD93BC925852F1C00FEAAE6 /* PBXContainerItemProxy */ = {
			isa = PBXContainerItemProxy;
			containerPortal = 0CD93BA425852F1800FEAAE6 /* Project object */;
			proxyType = 1;
			remoteGlobalIDString = 0CD93BAB25852F1800FEAAE6;
			remoteInfo = "Wiki iOS";
		};
/* End PBXContainerItemProxy section */

/* Begin PBXFileReference section */
		0CD93BAC25852F1800FEAAE6 /* Wiki iOS.app */ = {isa = PBXFileReference; explicitFileType = wrapper.application; includeInIndex = 0; path = "Wiki iOS.app"; sourceTree = BUILT_PRODUCTS_DIR; };
		0CD93BAF25852F1800FEAAE6 /* Wiki_iOSApp.swift */ = {isa = PBXFileReference; lastKnownFileType = sourcecode.swift; path = Wiki_iOSApp.swift; sourceTree = "<group>"; };
		0CD93BB125852F1800FEAAE6 /* ContentView.swift */ = {isa = PBXFileReference; lastKnownFileType = sourcecode.swift; path = ContentView.swift; sourceTree = "<group>"; };
		0CD93BB325852F1C00FEAAE6 /* Assets.xcassets */ = {isa = PBXFileReference; lastKnownFileType = folder.assetcatalog; path = Assets.xcassets; sourceTree = "<group>"; };
		0CD93BB625852F1C00FEAAE6 /* Preview Assets.xcassets */ = {isa = PBXFileReference; lastKnownFileType = folder.assetcatalog; path = "Preview Assets.xcassets"; sourceTree = "<group>"; };
		0CD93BB825852F1C00FEAAE6 /* Info.plist */ = {isa = PBXFileReference; lastKnownFileType = text.plist.xml; path = Info.plist; sourceTree = "<group>"; };
		0CD93BBD25852F1C00FEAAE6 /* Wiki iOSTests.xctest */ = {isa = PBXFileReference; explicitFileType = wrapper.cfbundle; includeInIndex = 0; path = "Wiki iOSTests.xctest"; sourceTree = BUILT_PRODUCTS_DIR; };
		0CD93BC125852F1C00FEAAE6 /* Wiki_iOSTests.swift */ = {isa = PBXFileReference; lastKnownFileType = sourcecode.swift; path = Wiki_iOSTests.swift; sourceTree = "<group>"; };
		0CD93BC325852F1C00FEAAE6 /* Info.plist */ = {isa = PBXFileReference; lastKnownFileType = text.plist.xml; path = Info.plist; sourceTree = "<group>"; };
		0CD93BC825852F1C00FEAAE6 /* Wiki iOSUITests.xctest */ = {isa = PBXFileReference; explicitFileType = wrapper.cfbundle; includeInIndex = 0; path = "Wiki iOSUITests.xctest"; sourceTree = BUILT_PRODUCTS_DIR; };
		0CD93BCC25852F1C00FEAAE6 /* Wiki_iOSUITests.swift */ = {isa = PBXFileReference; lastKnownFileType = sourcecode.swift; path = Wiki_iOSUITests.swift; sourceTree = "<group>"; };
		0CD93BCE25852F1C00FEAAE6 /* Info.plist */ = {isa = PBXFileReference; lastKnownFileType = text.plist.xml; path = Info.plist; sourceTree = "<group>"; };
		0CD93BDD25852F3B00FEAAE6 /* main.swift */ = {isa = PBXFileReference; fileEncoding = 4; lastKnownFileType = sourcecode.swift; path = main.swift; sourceTree = "<group>"; };
		0CD93BDE25852F3B00FEAAE6 /* ContentView.swift */ = {isa = PBXFileReference; fileEncoding = 4; lastKnownFileType = sourcecode.swift; path = ContentView.swift; sourceTree = "<group>"; };
/* End PBXFileReference section */

/* Begin PBXFrameworksBuildPhase section */
		0CD93BA925852F1800FEAAE6 /* Frameworks */ = {
			isa = PBXFrameworksBuildPhase;
			buildActionMask = 2147483647;
			files = (
			);
			runOnlyForDeploymentPostprocessing = 0;
		};
		0CD93BBA25852F1C00FEAAE6 /* Frameworks */ = {
			isa = PBXFrameworksBuildPhase;
			buildActionMask = 2147483647;
			files = (
			);
			runOnlyForDeploymentPostprocessing = 0;
		};
		0CD93BC525852F1C00FEAAE6 /* Frameworks */ = {
			isa = PBXFrameworksBuildPhase;
			buildActionMask = 2147483647;
			files = (
			);
			runOnlyForDeploymentPostprocessing = 0;
		};
/* End PBXFrameworksBuildPhase section */

/* Begin PBXGroup section */
		0CD93BA325852F1800FEAAE6 = {
			isa = PBXGroup;
			children = (
				0CD93BAE25852F1800FEAAE6 /* Wiki iOS */,
				0CD93BC025852F1C00FEAAE6 /* Wiki iOSTests */,
				0CD93BCB25852F1C00FEAAE6 /* Wiki iOSUITests */,
				0CD93BAD25852F1800FEAAE6 /* Products */,
			);
			sourceTree = "<group>";
		};
		0CD93BAD25852F1800FEAAE6 /* Products */ = {
			isa = PBXGroup;
			children = (
				0CD93BAC25852F1800FEAAE6 /* Wiki iOS.app */,
				0CD93BBD25852F1C00FEAAE6 /* Wiki iOSTests.xctest */,
				0CD93BC825852F1C00FEAAE6 /* Wiki iOSUITests.xctest */,
			);
			name = Products;
			sourceTree = "<group>";
		};
		0CD93BAE25852F1800FEAAE6 /* Wiki iOS */ = {
			isa = PBXGroup;
			children = (
				0CD93BAF25852F1800FEAAE6 /* Wiki_iOSApp.swift */,
				0CD93BB125852F1800FEAAE6 /* ContentView.swift */,
				0CD93BDE25852F3B00FEAAE6 /* ContentView.swift */,
				0CD93BDD25852F3B00FEAAE6 /* main.swift */,
				0CD93BB325852F1C00FEAAE6 /* Assets.xcassets */,
				0CD93BB825852F1C00FEAAE6 /* Info.plist */,
				0CD93BB525852F1C00FEAAE6 /* Preview Content */,
			);
			path = "Wiki iOS";
			sourceTree = "<group>";
		};
		0CD93BB525852F1C00FEAAE6 /* Preview Content */ = {
			isa = PBXGroup;
			children = (
				0CD93BB625852F1C00FEAAE6 /* Preview Assets.xcassets */,
			);
			path = "Preview Content";
			sourceTree = "<group>";
		};
		0CD93BC025852F1C00FEAAE6 /* Wiki iOSTests */ = {
			isa = PBXGroup;
			children = (
				0CD93BC125852F1C00FEAAE6 /* Wiki_iOSTests.swift */,
				0CD93BC325852F1C00FEAAE6 /* Info.plist */,
			);
			path = "Wiki iOSTests";
			sourceTree = "<group>";
		};
		0CD93BCB25852F1C00FEAAE6 /* Wiki iOSUITests */ = {
			isa = PBXGroup;
			children = (
				0CD93BCC25852F1C00FEAAE6 /* Wiki_iOSUITests.swift */,
				0CD93BCE25852F1C00FEAAE6 /* Info.plist */,
			);
			path = "Wiki iOSUITests";
			sourceTree = "<group>";
		};
/* End PBXGroup section */

/* Begin PBXNativeTarget section */
		0CD93BAB25852F1800FEAAE6 /* Wiki iOS */ = {
			isa = PBXNativeTarget;
			buildConfigurationList = 0CD93BD125852F1C00FEAAE6 /* Build configuration list for PBXNativeTarget "Wiki iOS" */;
			buildPhases = (
				0CD93BA825852F1800FEAAE6 /* Sources */,
				0CD93BA925852F1800FEAAE6 /* Frameworks */,
				0CD93BAA25852F1800FEAAE6 /* Resources */,
			);
			buildRules = (
			);
			dependencies = (
			);
			name = "Wiki iOS";
			productName = "Wiki iOS";
			productReference = 0CD93BAC25852F1800FEAAE6 /* Wiki iOS.app */;
			productType = "com.apple.product-type.application";
		};
		0CD93BBC25852F1C00FEAAE6 /* Wiki iOSTests */ = {
			isa = PBXNativeTarget;
			buildConfigurationList = 0CD93BD425852F1C00FEAAE6 /* Build configuration list for PBXNativeTarget "Wiki iOSTests" */;
			buildPhases = (
				0CD93BB925852F1C00FEAAE6 /* Sources */,
				0CD93BBA25852F1C00FEAAE6 /* Frameworks */,
				0CD93BBB25852F1C00FEAAE6 /* Resources */,
			);
			buildRules = (
			);
			dependencies = (
				0CD93BBF25852F1C00FEAAE6 /* PBXTargetDependency */,
			);
			name = "Wiki iOSTests";
			productName = "Wiki iOSTests";
			productReference = 0CD93BBD25852F1C00FEAAE6 /* Wiki iOSTests.xctest */;
			productType = "com.apple.product-type.bundle.unit-test";
		};
		0CD93BC725852F1C00FEAAE6 /* Wiki iOSUITests */ = {
			isa = PBXNativeTarget;
			buildConfigurationList = 0CD93BD725852F1C00FEAAE6 /* Build configuration list for PBXNativeTarget "Wiki iOSUITests" */;
			buildPhases = (
				0CD93BC425852F1C00FEAAE6 /* Sources */,
				0CD93BC525852F1C00FEAAE6 /* Frameworks */,
				0CD93BC625852F1C00FEAAE6 /* Resources */,
			);
			buildRules = (
			);
			dependencies = (
				0CD93BCA25852F1C00FEAAE6 /* PBXTargetDependency */,
			);
			name = "Wiki iOSUITests";
			productName = "Wiki iOSUITests";
			productReference = 0CD93BC825852F1C00FEAAE6 /* Wiki iOSUITests.xctest */;
			productType = "com.apple.product-type.bundle.ui-testing";
		};
/* End PBXNativeTarget section */

/* Begin PBXProject section */
		0CD93BA425852F1800FEAAE6 /* Project object */ = {
			isa = PBXProject;
			attributes = {
				LastSwiftUpdateCheck = 1230;
				LastUpgradeCheck = 1230;
				TargetAttributes = {
					0CD93BAB25852F1800FEAAE6 = {
						CreatedOnToolsVersion = 12.3;
					};
					0CD93BBC25852F1C00FEAAE6 = {
						CreatedOnToolsVersion = 12.3;
						TestTargetID = 0CD93BAB25852F1800FEAAE6;
					};
					0CD93BC725852F1C00FEAAE6 = {
						CreatedOnToolsVersion = 12.3;
						TestTargetID = 0CD93BAB25852F1800FEAAE6;
					};
				};
			};
			buildConfigurationList = 0CD93BA725852F1800FEAAE6 /* Build configuration list for PBXProject "Wiki iOS" */;
			compatibilityVersion = "Xcode 9.3";
			developmentRegion = en;
			hasScannedForEncodings = 0;
			knownRegions = (
				en,
				Base,
			);
			mainGroup = 0CD93BA325852F1800FEAAE6;
			productRefGroup = 0CD93BAD25852F1800FEAAE6 /* Products */;
			projectDirPath = "";
			projectRoot = "";
			targets = (
				0CD93BAB25852F1800FEAAE6 /* Wiki iOS */,
				0CD93BBC25852F1C00FEAAE6 /* Wiki iOSTests */,
				0CD93BC725852F1C00FEAAE6 /* Wiki iOSUITests */,
			);
		};
/* End PBXProject section */

/* Begin PBXResourcesBuildPhase section */
		0CD93BAA25852F1800FEAAE6 /* Resources */ = {
			isa = PBXResourcesBuildPhase;
			buildActionMask = 2147483647;
			files = (
				0CD93BB725852F1C00FEAAE6 /* Preview Assets.xcassets in Resources */,
				0CD93BB425852F1C00FEAAE6 /* Assets.xcassets in Resources */,
			);
			runOnlyForDeploymentPostprocessing = 0;
		};
		0CD93BBB25852F1C00FEAAE6 /* Resources */ = {
			isa = PBXResourcesBuildPhase;
			buildActionMask = 2147483647;
			files = (
			);
			runOnlyForDeploymentPostprocessing = 0;
		};
		0CD93BC625852F1C00FEAAE6 /* Resources */ = {
			isa = PBXResourcesBuildPhase;
			buildActionMask = 2147483647;
			files = (
			);
			runOnlyForDeploymentPostprocessing = 0;
		};
/* End PBXResourcesBuildPhase section */

/* Begin PBXSourcesBuildPhase section */
		0CD93BA825852F1800FEAAE6 /* Sources */ = {
			isa = PBXSourcesBuildPhase;
			buildActionMask = 2147483647;
			files = (
				0CD93BB225852F1800FEAAE6 /* ContentView.swift in Sources */,
				0CD93BB025852F1800FEAAE6 /* Wiki_iOSApp.swift in Sources */,
				0CD93BE025852F3B00FEAAE6 /* ContentView.swift in Sources */,
				0CD93BDF25852F3B00FEAAE6 /* main.swift in Sources */,
			);
			runOnlyForDeploymentPostprocessing = 0;
		};
		0CD93BB925852F1C00FEAAE6 /* Sources */ = {
			isa = PBXSourcesBuildPhase;
			buildActionMask = 2147483647;
			files = (
				0CD93BC225852F1C00FEAAE6 /* Wiki_iOSTests.swift in Sources */,
			);
			runOnlyForDeploymentPostprocessing = 0;
		};
		0CD93BC425852F1C00FEAAE6 /* Sources */ = {
			isa = PBXSourcesBuildPhase;
			buildActionMask = 2147483647;
			files = (
				0CD93BCD25852F1C00FEAAE6 /* Wiki_iOSUITests.swift in Sources */,
			);
			runOnlyForDeploymentPostprocessing = 0;
		};
/* End PBXSourcesBuildPhase section */

/* Begin PBXTargetDependency section */
		0CD93BBF25852F1C00FEAAE6 /* PBXTargetDependency */ = {
			isa = PBXTargetDependency;
			target = 0CD93BAB25852F1800FEAAE6 /* Wiki iOS */;
			targetProxy = 0CD93BBE25852F1C00FEAAE6 /* PBXContainerItemProxy */;
		};
		0CD93BCA25852F1C00FEAAE6 /* PBXTargetDependency */ = {
			isa = PBXTargetDependency;
			target = 0CD93BAB25852F1800FEAAE6 /* Wiki iOS */;
			targetProxy = 0CD93BC925852F1C00FEAAE6 /* PBXContainerItemProxy */;
		};
/* End PBXTargetDependency section */

/* Begin XCBuildConfiguration section */
		0CD93BCF25852F1C00FEAAE6 /* Debug */ = {
			isa = XCBuildConfiguration;
			buildSettings = {
				ALWAYS_SEARCH_USER_PATHS = NO;
				CLANG_ANALYZER_NONNULL = YES;
				CLANG_ANALYZER_NUMBER_OBJECT_CONVERSION = YES_AGGRESSIVE;
				CLANG_CXX_LANGUAGE_STANDARD = "gnu++14";
				CLANG_CXX_LIBRARY = "libc++";
				CLANG_ENABLE_MODULES = YES;
				CLANG_ENABLE_OBJC_ARC = YES;
				CLANG_ENABLE_OBJC_WEAK = YES;
				CLANG_WARN_BLOCK_CAPTURE_AUTORELEASING = YES;
				CLANG_WARN_BOOL_CONVERSION = YES;
				CLANG_WARN_COMMA = YES;
				CLANG_WARN_CONSTANT_CONVERSION = YES;
				CLANG_WARN_DEPRECATED_OBJC_IMPLEMENTATIONS = YES;
				CLANG_WARN_DIRECT_OBJC_ISA_USAGE = YES_ERROR;
				CLANG_WARN_DOCUMENTATION_COMMENTS = YES;
				CLANG_WARN_EMPTY_BODY = YES;
				CLANG_WARN_ENUM_CONVERSION = YES;
				CLANG_WARN_INFINITE_RECURSION = YES;
				CLANG_WARN_INT_CONVERSION = YES;
				CLANG_WARN_NON_LITERAL_NULL_CONVERSION = YES;
				CLANG_WARN_OBJC_IMPLICIT_RETAIN_SELF = YES;
				CLANG_WARN_OBJC_LITERAL_CONVERSION = YES;
				CLANG_WARN_OBJC_ROOT_CLASS = YES_ERROR;
				CLANG_WARN_QUOTED_INCLUDE_IN_FRAMEWORK_HEADER = YES;
				CLANG_WARN_RANGE_LOOP_ANALYSIS = YES;
				CLANG_WARN_STRICT_PROTOTYPES = YES;
				CLANG_WARN_SUSPICIOUS_MOVE = YES;
				CLANG_WARN_UNGUARDED_AVAILABILITY = YES_AGGRESSIVE;
				CLANG_WARN_UNREACHABLE_CODE = YES;
				CLANG_WARN__DUPLICATE_METHOD_MATCH = YES;
				COPY_PHASE_STRIP = NO;
				DEBUG_INFORMATION_FORMAT = dwarf;
				ENABLE_STRICT_OBJC_MSGSEND = YES;
				ENABLE_TESTABILITY = YES;
				GCC_C_LANGUAGE_STANDARD = gnu11;
				GCC_DYNAMIC_NO_PIC = NO;
				GCC_NO_COMMON_BLOCKS = YES;
				GCC_OPTIMIZATION_LEVEL = 0;
				GCC_PREPROCESSOR_DEFINITIONS = (
					"DEBUG=1",
					"$(inherited)",
				);
				GCC_WARN_64_TO_32_BIT_CONVERSION = YES;
				GCC_WARN_ABOUT_RETURN_TYPE = YES_ERROR;
				GCC_WARN_UNDECLARED_SELECTOR = YES;
				GCC_WARN_UNINITIALIZED_AUTOS = YES_AGGRESSIVE;
				GCC_WARN_UNUSED_FUNCTION = YES;
				GCC_WARN_UNUSED_VARIABLE = YES;
				IPHONEOS_DEPLOYMENT_TARGET = 14.3;
				MTL_ENABLE_DEBUG_INFO = INCLUDE_SOURCE;
				MTL_FAST_MATH = YES;
				ONLY_ACTIVE_ARCH = YES;
				SDKROOT = iphoneos;
				SWIFT_ACTIVE_COMPILATION_CONDITIONS = DEBUG;
				SWIFT_OPTIMIZATION_LEVEL = "-Onone";
			};
			name = Debug;
		};
		0CD93BD025852F1C00FEAAE6 /* Release */ = {
			isa = XCBuildConfiguration;
			buildSettings = {
				ALWAYS_SEARCH_USER_PATHS = NO;
				CLANG_ANALYZER_NONNULL = YES;
				CLANG_ANALYZER_NUMBER_OBJECT_CONVERSION = YES_AGGRESSIVE;
				CLANG_CXX_LANGUAGE_STANDARD = "gnu++14";
				CLANG_CXX_LIBRARY = "libc++";
				CLANG_ENABLE_MODULES = YES;
				CLANG_ENABLE_OBJC_ARC = YES;
				CLANG_ENABLE_OBJC_WEAK = YES;
				CLANG_WARN_BLOCK_CAPTURE_AUTORELEASING = YES;
				CLANG_WARN_BOOL_CONVERSION = YES;
				CLANG_WARN_COMMA = YES;
				CLANG_WARN_CONSTANT_CONVERSION = YES;
				CLANG_WARN_DEPRECATED_OBJC_IMPLEMENTATIONS = YES;
				CLANG_WARN_DIRECT_OBJC_ISA_USAGE = YES_ERROR;
				CLANG_WARN_DOCUMENTATION_COMMENTS = YES;
				CLANG_WARN_EMPTY_BODY = YES;
				CLANG_WARN_ENUM_CONVERSION = YES;
				CLANG_WARN_INFINITE_RECURSION = YES;
				CLANG_WARN_INT_CONVERSION = YES;
				CLANG_WARN_NON_LITERAL_NULL_CONVERSION = YES;
				CLANG_WARN_OBJC_IMPLICIT_RETAIN_SELF = YES;
				CLANG_WARN_OBJC_LITERAL_CONVERSION = YES;
				CLANG_WARN_OBJC_ROOT_CLASS = YES_ERROR;
				CLANG_WARN_QUOTED_INCLUDE_IN_FRAMEWORK_HEADER = YES;
				CLANG_WARN_RANGE_LOOP_ANALYSIS = YES;
				CLANG_WARN_STRICT_PROTOTYPES = YES;
				CLANG_WARN_SUSPICIOUS_MOVE = YES;
				CLANG_WARN_UNGUARDED_AVAILABILITY = YES_AGGRESSIVE;
				CLANG_WARN_UNREACHABLE_CODE = YES;
				CLANG_WARN__DUPLICATE_METHOD_MATCH = YES;
				COPY_PHASE_STRIP = NO;
				DEBUG_INFORMATION_FORMAT = "dwarf-with-dsym";
				ENABLE_NS_ASSERTIONS = NO;
				ENABLE_STRICT_OBJC_MSGSEND = YES;
				GCC_C_LANGUAGE_STANDARD = gnu11;
				GCC_NO_COMMON_BLOCKS = YES;
				GCC_WARN_64_TO_32_BIT_CONVERSION = YES;
				GCC_WARN_ABOUT_RETURN_TYPE = YES_ERROR;
				GCC_WARN_UNDECLARED_SELECTOR = YES;
				GCC_WARN_UNINITIALIZED_AUTOS = YES_AGGRESSIVE;
				GCC_WARN_UNUSED_FUNCTION = YES;
				GCC_WARN_UNUSED_VARIABLE = YES;
				IPHONEOS_DEPLOYMENT_TARGET = 14.3;
				MTL_ENABLE_DEBUG_INFO = NO;
				MTL_FAST_MATH = YES;
				SDKROOT = iphoneos;
				SWIFT_COMPILATION_MODE = wholemodule;
				SWIFT_OPTIMIZATION_LEVEL = "-O";
				VALIDATE_PRODUCT = YES;
			};
			name = Release;
		};
		0CD93BD225852F1C00FEAAE6 /* Debug */ = {
			isa = XCBuildConfiguration;
			buildSettings = {
				ASSETCATALOG_COMPILER_APPICON_NAME = AppIcon;
				ASSETCATALOG_COMPILER_GLOBAL_ACCENT_COLOR_NAME = AccentColor;
				CODE_SIGN_STYLE = Automatic;
				DEVELOPMENT_ASSET_PATHS = "\"Wiki iOS/Preview Content\"";
				DEVELOPMENT_TEAM = BLAVQ37GJV;
				ENABLE_PREVIEWS = YES;
				INFOPLIST_FILE = "Wiki iOS/Info.plist";
				IPHONEOS_DEPLOYMENT_TARGET = 14.0;
				LD_RUNPATH_SEARCH_PATHS = (
					"$(inherited)",
					"@executable_path/Frameworks",
				);
				PRODUCT_BUNDLE_IDENTIFIER = "jtepp.Wiki-iOS";
				PRODUCT_NAME = "$(TARGET_NAME)";
				SWIFT_VERSION = 5.0;
				TARGETED_DEVICE_FAMILY = "1,2";
			};
			name = Debug;
		};
		0CD93BD325852F1C00FEAAE6 /* Release */ = {
			isa = XCBuildConfiguration;
			buildSettings = {
				ASSETCATALOG_COMPILER_APPICON_NAME = AppIcon;
				ASSETCATALOG_COMPILER_GLOBAL_ACCENT_COLOR_NAME = AccentColor;
				CODE_SIGN_STYLE = Automatic;
				DEVELOPMENT_ASSET_PATHS = "\"Wiki iOS/Preview Content\"";
				DEVELOPMENT_TEAM = BLAVQ37GJV;
				ENABLE_PREVIEWS = YES;
				INFOPLIST_FILE = "Wiki iOS/Info.plist";
				IPHONEOS_DEPLOYMENT_TARGET = 14.0;
				LD_RUNPATH_SEARCH_PATHS = (
					"$(inherited)",
					"@executable_path/Frameworks",
				);
				PRODUCT_BUNDLE_IDENTIFIER = "jtepp.Wiki-iOS";
				PRODUCT_NAME = "$(TARGET_NAME)";
				SWIFT_VERSION = 5.0;
				TARGETED_DEVICE_FAMILY = "1,2";
			};
			name = Release;
		};
		0CD93BD525852F1C00FEAAE6 /* Debug */ = {
			isa = XCBuildConfiguration;
			buildSettings = {
				ALWAYS_EMBED_SWIFT_STANDARD_LIBRARIES = YES;
				BUNDLE_LOADER = "$(TEST_HOST)";
				CODE_SIGN_STYLE = Automatic;
				DEVELOPMENT_TEAM = BLAVQ37GJV;
				INFOPLIST_FILE = "Wiki iOSTests/Info.plist";
				IPHONEOS_DEPLOYMENT_TARGET = 14.0;
				LD_RUNPATH_SEARCH_PATHS = (
					"$(inherited)",
					"@executable_path/Frameworks",
					"@loader_path/Frameworks",
				);
				PRODUCT_BUNDLE_IDENTIFIER = "jtepp.Wiki-iOSTests";
				PRODUCT_NAME = "$(TARGET_NAME)";
				SWIFT_VERSION = 5.0;
				TARGETED_DEVICE_FAMILY = "1,2";
				TEST_HOST = "$(BUILT_PRODUCTS_DIR)/Wiki iOS.app/Wiki iOS";
			};
			name = Debug;
		};
		0CD93BD625852F1C00FEAAE6 /* Release */ = {
			isa = XCBuildConfiguration;
			buildSettings = {
				ALWAYS_EMBED_SWIFT_STANDARD_LIBRARIES = YES;
				BUNDLE_LOADER = "$(TEST_HOST)";
				CODE_SIGN_STYLE = Automatic;
				DEVELOPMENT_TEAM = BLAVQ37GJV;
				INFOPLIST_FILE = "Wiki iOSTests/Info.plist";
				IPHONEOS_DEPLOYMENT_TARGET = 14.0;
				LD_RUNPATH_SEARCH_PATHS = (
					"$(inherited)",
					"@executable_path/Frameworks",
					"@loader_path/Frameworks",
				);
				PRODUCT_BUNDLE_IDENTIFIER = "jtepp.Wiki-iOSTests";
				PRODUCT_NAME = "$(TARGET_NAME)";
				SWIFT_VERSION = 5.0;
				TARGETED_DEVICE_FAMILY = "1,2";
				TEST_HOST = "$(BUILT_PRODUCTS_DIR)/Wiki iOS.app/Wiki iOS";
			};
			name = Release;
		};
		0CD93BD825852F1C00FEAAE6 /* Debug */ = {
			isa = XCBuildConfiguration;
			buildSettings = {
				ALWAYS_EMBED_SWIFT_STANDARD_LIBRARIES = YES;
				CODE_SIGN_STYLE = Automatic;
				DEVELOPMENT_TEAM = BLAVQ37GJV;
				INFOPLIST_FILE = "Wiki iOSUITests/Info.plist";
				LD_RUNPATH_SEARCH_PATHS = (
					"$(inherited)",
					"@executable_path/Frameworks",
					"@loader_path/Frameworks",
				);
				PRODUCT_BUNDLE_IDENTIFIER = "jtepp.Wiki-iOSUITests";
				PRODUCT_NAME = "$(TARGET_NAME)";
				SWIFT_VERSION = 5.0;
				TARGETED_DEVICE_FAMILY = "1,2";
				TEST_TARGET_NAME = "Wiki iOS";
			};
			name = Debug;
		};
		0CD93BD925852F1C00FEAAE6 /* Release */ = {
			isa = XCBuildConfiguration;
			buildSettings = {
				ALWAYS_EMBED_SWIFT_STANDARD_LIBRARIES = YES;
				CODE_SIGN_STYLE = Automatic;
				DEVELOPMENT_TEAM = BLAVQ37GJV;
				INFOPLIST_FILE = "Wiki iOSUITests/Info.plist";
				LD_RUNPATH_SEARCH_PATHS = (
					"$(inherited)",
					"@executable_path/Frameworks",
					"@loader_path/Frameworks",
				);
				PRODUCT_BUNDLE_IDENTIFIER = "jtepp.Wiki-iOSUITests";
				PRODUCT_NAME = "$(TARGET_NAME)";
				SWIFT_VERSION = 5.0;
				TARGETED_DEVICE_FAMILY = "1,2";
				TEST_TARGET_NAME = "Wiki iOS";
			};
			name = Release;
		};
/* End XCBuildConfiguration section */

/* Begin XCConfigurationList section */
		0CD93BA725852F1800FEAAE6 /* Build configuration list for PBXProject "Wiki iOS" */ = {
			isa = XCConfigurationList;
			buildConfigurations = (
				0CD93BCF25852F1C00FEAAE6 /* Debug */,
				0CD93BD025852F1C00FEAAE6 /* Release */,
			);
			defaultConfigurationIsVisible = 0;
			defaultConfigurationName = Release;
		};
		0CD93BD125852F1C00FEAAE6 /* Build configuration list for PBXNativeTarget "Wiki iOS" */ = {
			isa = XCConfigurationList;
			buildConfigurations = (
				0CD93BD225852F1C00FEAAE6 /* Debug */,
				0CD93BD325852F1C00FEAAE6 /* Release */,
			);
			defaultConfigurationIsVisible = 0;
			defaultConfigurationName = Release;
		};
		0CD93BD425852F1C00FEAAE6 /* Build configuration list for PBXNativeTarget "Wiki iOSTests" */ = {
			isa = XCConfigurationList;
			buildConfigurations = (
				0CD93BD525852F1C00FEAAE6 /* Debug */,
				0CD93BD625852F1C00FEAAE6 /* Release */,
			);
			defaultConfigurationIsVisible = 0;
			defaultConfigurationName = Release;
		};
		0CD93BD725852F1C00FEAAE6 /* Build configuration list for PBXNativeTarget "Wiki iOSUITests" */ = {
			isa = XCConfigurationList;
			buildConfigurations = (
				0CD93BD825852F1C00FEAAE6 /* Debug */,
				0CD93BD925852F1C00FEAAE6 /* Release */,
			);
			defaultConfigurationIsVisible = 0;
			defaultConfigurationName = Release;
		};
/* End XCConfigurationList section */
	};
	rootObject = 0CD93BA425852F1800FEAAE6 /* Project object */;
}
